
Microsoft Visual Studio Solution File, Format Version 12.00
# Visual Studio Version 17
VisualStudioVersion = 17.13.35913.81
MinimumVisualStudioVersion = 10.0.40219.1
Project("{2150E333-8FDC-42A3-9474-1A3956D46DE8}") = "FrontEnd", "FrontEnd", "{02EA681E-C7D8-13C7-8484-4AC65E1B71E8}"
EndProject
Project("{2150E333-8FDC-42A3-9474-1A3956D46DE8}") = "Gateway", "Gateway", "{FCD0C9C4-9B88-4F61-9165-274D3D11E0A0}"
EndProject
Project("{2150E333-8FDC-42A3-9474-1A3956D46DE8}") = "Integration", "Integration", "{7224EE5F-09E2-4116-ACD7-A44C107CE70D}"
EndProject
Project("{2150E333-8FDC-42A3-9474-1A3956D46DE8}") = "Services", "Services", "{A7FAE311-6A87-4CA1-9AE9-1819D8FF4B87}"
EndProject
Project("{FAE04EC0-301F-11D3-BF4B-00C04F79EFBC}") = "Mango.Services.CouponAPI", "Mango.Services.Coupon.API\Mango.Services.CouponAPI.csproj", "{A80F8528-90B8-46E0-9196-6E37967CA8B0}"
EndProject
Project("{FAE04EC0-301F-11D3-BF4B-00C04F79EFBC}") = "Mango.Web", "Mango.Web\Mango.Web.csproj", "{F0B009EF-B80E-4966-9278-61C7281BB24B}"
EndProject
Project("{FAE04EC0-301F-11D3-BF4B-00C04F79EFBC}") = "Mango.Services.AuthAPI", "Mango.Services.AuthAPI\Mango.Services.AuthAPI.csproj", "{2D7109B2-DEDA-4EF4-B289-6FBA9C675D1A}"
EndProject
Global
	GlobalSection(SolutionConfigurationPlatforms) = preSolution
		Debug|Any CPU = Debug|Any CPU
		Release|Any CPU = Release|Any CPU
	EndGlobalSection
	GlobalSection(ProjectConfigurationPlatforms) = postSolution
		{A80F8528-90B8-46E0-9196-6E37967CA8B0}.Debug|Any CPU.ActiveCfg = Debug|Any CPU
		{A80F8528-90B8-46E0-9196-6E37967CA8B0}.Debug|Any CPU.Build.0 = Debug|Any CPU
		{A80F8528-90B8-46E0-9196-6E37967CA8B0}.Release|Any CPU.ActiveCfg = Release|Any CPU
		{A80F8528-90B8-46E0-9196-6E37967CA8B0}.Release|Any CPU.Build.0 = Release|Any CPU
		{F0B009EF-B80E-4966-9278-61C7281BB24B}.Debug|Any CPU.ActiveCfg = Debug|Any CPU
		{F0B009EF-B80E-4966-9278-61C7281BB24B}.Debug|Any CPU.Build.0 = Debug|Any CPU
		{F0B009EF-B80E-4966-9278-61C7281BB24B}.Release|Any CPU.ActiveCfg = Release|Any CPU
		{F0B009EF-B80E-4966-9278-61C7281BB24B}.Release|Any CPU.Build.0 = Release|Any CPU
		{2D7109B2-DEDA-4EF4-B289-6FBA9C675D1A}.Debug|Any CPU.ActiveCfg = Debug|Any CPU
		{2D7109B2-DEDA-4EF4-B289-6FBA9C675D1A}.Debug|Any CPU.Build.0 = Debug|Any CPU
		{2D7109B2-DEDA-4EF4-B289-6FBA9C675D1A}.Release|Any CPU.ActiveCfg = Release|Any CPU
		{2D7109B2-DEDA-4EF4-B289-6FBA9C675D1A}.Release|Any CPU.Build.0 = Release|Any CPU
	EndGlobalSection
	GlobalSection(SolutionProperties) = preSolution
		HideSolutionNode = FALSE
	EndGlobalSection
	GlobalSection(NestedProjects) = preSolution
		{A80F8528-90B8-46E0-9196-6E37967CA8B0} = {A7FAE311-6A87-4CA1-9AE9-1819D8FF4B87}
		{F0B009EF-B80E-4966-9278-61C7281BB24B} = {02EA681E-C7D8-13C7-8484-4AC65E1B71E8}
		{2D7109B2-DEDA-4EF4-B289-6FBA9C675D1A} = {A7FAE311-6A87-4CA1-9AE9-1819D8FF4B87}
	EndGlobalSection
	GlobalSection(ExtensibilityGlobals) = postSolution
		SolutionGuid = {D9B1CD1E-AC15-48E3-807A-DE76A1FFA7CB}
	EndGlobalSection
EndGlobal
